// !$*UTF8*$!
{
	archiveVersion = 1;
	classes = {
	};
	objectVersion = 46;
	objects = {

/* Begin PBXBuildFile section */
		53144D0C1ACE515A00FB78A1 /* SpaceshipNew.bmp in Resources */ = {isa = PBXBuildFile; fileRef = 53144D0B1ACE515A00FB78A1 /* SpaceshipNew.bmp */; };
		53144D0E1ACE519E00FB78A1 /* NewShip.png in Resources */ = {isa = PBXBuildFile; fileRef = 53144D0D1ACE519E00FB78A1 /* NewShip.png */; };
		53144D101ACE526100FB78A1 /* Start Screen.sks in Resources */ = {isa = PBXBuildFile; fileRef = 53144D0F1ACE526100FB78A1 /* Start Screen.sks */; };
		536F62451A93CCFE003B9200 /* stars.sks in Resources */ = {isa = PBXBuildFile; fileRef = 536F62441A93CCFE003B9200 /* stars.sks */; };
		53BD30A11A7AD9700048A7A9 /* AppDelegate.swift in Sources */ = {isa = PBXBuildFile; fileRef = 53BD30A01A7AD9700048A7A9 /* AppDelegate.swift */; };
		53BD30A31A7AD9700048A7A9 /* GameScene.sks in Resources */ = {isa = PBXBuildFile; fileRef = 53BD30A21A7AD9700048A7A9 /* GameScene.sks */; };
		53BD30A51A7AD9700048A7A9 /* GameScene.swift in Sources */ = {isa = PBXBuildFile; fileRef = 53BD30A41A7AD9700048A7A9 /* GameScene.swift */; };
		53BD30A71A7AD9700048A7A9 /* GameViewController.swift in Sources */ = {isa = PBXBuildFile; fileRef = 53BD30A61A7AD9700048A7A9 /* GameViewController.swift */; };
		53BD30AA1A7AD9700048A7A9 /* Main.storyboard in Resources */ = {isa = PBXBuildFile; fileRef = 53BD30A81A7AD9700048A7A9 /* Main.storyboard */; };
		53BD30AC1A7AD9700048A7A9 /* Images.xcassets in Resources */ = {isa = PBXBuildFile; fileRef = 53BD30AB1A7AD9700048A7A9 /* Images.xcassets */; };
		53BD30AF1A7AD9700048A7A9 /* LaunchScreen.xib in Resources */ = {isa = PBXBuildFile; fileRef = 53BD30AD1A7AD9700048A7A9 /* LaunchScreen.xib */; };
		53BD30BB1A7AD9700048A7A9 /* x_y_Accelerometer_TestTests.swift in Sources */ = {isa = PBXBuildFile; fileRef = 53BD30BA1A7AD9700048A7A9 /* x_y_Accelerometer_TestTests.swift */; };
		53BD30CD1A7B44B60048A7A9 /* ButtonDownNormal.png in Resources */ = {isa = PBXBuildFile; fileRef = 53BD30C51A7B44B60048A7A9 /* ButtonDownNormal.png */; };
		53BD30CE1A7B44B60048A7A9 /* ButtonDownRecessed.png in Resources */ = {isa = PBXBuildFile; fileRef = 53BD30C61A7B44B60048A7A9 /* ButtonDownRecessed.png */; };
		53BD30CF1A7B44B60048A7A9 /* buttonLeftNormal.png in Resources */ = {isa = PBXBuildFile; fileRef = 53BD30C71A7B44B60048A7A9 /* buttonLeftNormal.png */; };
		53BD30D01A7B44B60048A7A9 /* buttonLeftRecessed.png in Resources */ = {isa = PBXBuildFile; fileRef = 53BD30C81A7B44B60048A7A9 /* buttonLeftRecessed.png */; };
		53BD30D11A7B44B60048A7A9 /* buttonUpNormal.png in Resources */ = {isa = PBXBuildFile; fileRef = 53BD30C91A7B44B60048A7A9 /* buttonUpNormal.png */; };
		53BD30D21A7B44B60048A7A9 /* buttonUpRecessed.png in Resources */ = {isa = PBXBuildFile; fileRef = 53BD30CA1A7B44B60048A7A9 /* buttonUpRecessed.png */; };
		53BD30D31A7B44B60048A7A9 /* buttonRightNormal.png in Resources */ = {isa = PBXBuildFile; fileRef = 53BD30CB1A7B44B60048A7A9 /* buttonRightNormal.png */; };
		53BD30D41A7B44B60048A7A9 /* buttonRightRecessed.png in Resources */ = {isa = PBXBuildFile; fileRef = 53BD30CC1A7B44B60048A7A9 /* buttonRightRecessed.png */; };
		53BD30D61A7C27670048A7A9 /* laser.png in Resources */ = {isa = PBXBuildFile; fileRef = 53BD30D51A7C27670048A7A9 /* laser.png */; };
		53BD31101A80560B0048A7A9 /* ShipThrusters.sks in Resources */ = {isa = PBXBuildFile; fileRef = 53BD310E1A80560B0048A7A9 /* ShipThrusters.sks */; };
		53BD31111A80560B0048A7A9 /* spark.png in Resources */ = {isa = PBXBuildFile; fileRef = 53BD310F1A80560B0048A7A9 /* spark.png */; };
		53BD31131A80A5CC0048A7A9 /* ShittyShip.png in Resources */ = {isa = PBXBuildFile; fileRef = 53BD31121A80A5CC0048A7A9 /* ShittyShip.png */; };
		53BD31151A80A5D00048A7A9 /* background.png in Resources */ = {isa = PBXBuildFile; fileRef = 53BD31141A80A5D00048A7A9 /* background.png */; };
		53E879CC1AEAD6E600AE67D9 /* 83560__nbs-dark__ship-fire.wav in Resources */ = {isa = PBXBuildFile; fileRef = 53E879CB1AEAD6E600AE67D9 /* 83560__nbs-dark__ship-fire.wav */; };
/* End PBXBuildFile section */

/* Begin PBXContainerItemProxy section */
		53BD30B51A7AD9700048A7A9 /* PBXContainerItemProxy */ = {
			isa = PBXContainerItemProxy;
			containerPortal = 53BD30931A7AD9700048A7A9 /* Project object */;
			proxyType = 1;
			remoteGlobalIDString = 53BD309A1A7AD9700048A7A9;
			remoteInfo = "x y Accelerometer Test";
		};
/* End PBXContainerItemProxy section */

/* Begin PBXFileReference section */
		53144D0B1ACE515A00FB78A1 /* SpaceshipNew.bmp */ = {isa = PBXFileReference; lastKnownFileType = image.bmp; name = SpaceshipNew.bmp; path = "../x y Accelerometer Test/SpaceshipNew.bmp"; sourceTree = "<group>"; };
		53144D0D1ACE519E00FB78A1 /* NewShip.png */ = {isa = PBXFileReference; lastKnownFileType = image.png; name = NewShip.png; path = "../x y Accelerometer Test/NewShip.png"; sourceTree = "<group>"; };
		53144D0F1ACE526100FB78A1 /* Start Screen.sks */ = {isa = PBXFileReference; lastKnownFileType = file.sks; path = "Start Screen.sks"; sourceTree = "<group>"; };
		536F62441A93CCFE003B9200 /* stars.sks */ = {isa = PBXFileReference; lastKnownFileType = file.sks; path = stars.sks; sourceTree = "<group>"; };
		53BD309B1A7AD9700048A7A9 /* x y Accelerometer Test.app */ = {isa = PBXFileReference; explicitFileType = wrapper.application; includeInIndex = 0; path = "x y Accelerometer Test.app"; sourceTree = BUILT_PRODUCTS_DIR; };
		53BD309F1A7AD9700048A7A9 /* Info.plist */ = {isa = PBXFileReference; lastKnownFileType = text.plist.xml; path = Info.plist; sourceTree = "<group>"; };
		53BD30A01A7AD9700048A7A9 /* AppDelegate.swift */ = {isa = PBXFileReference; lastKnownFileType = sourcecode.swift; path = AppDelegate.swift; sourceTree = "<group>"; };
		53BD30A21A7AD9700048A7A9 /* GameScene.sks */ = {isa = PBXFileReference; lastKnownFileType = file.sks; path = GameScene.sks; sourceTree = "<group>"; };
		53BD30A41A7AD9700048A7A9 /* GameScene.swift */ = {isa = PBXFileReference; lastKnownFileType = sourcecode.swift; path = GameScene.swift; sourceTree = "<group>"; };
		53BD30A61A7AD9700048A7A9 /* GameViewController.swift */ = {isa = PBXFileReference; lastKnownFileType = sourcecode.swift; path = GameViewController.swift; sourceTree = "<group>"; };
		53BD30A91A7AD9700048A7A9 /* Base */ = {isa = PBXFileReference; lastKnownFileType = file.storyboard; name = Base; path = Base.lproj/Main.storyboard; sourceTree = "<group>"; };
		53BD30AB1A7AD9700048A7A9 /* Images.xcassets */ = {isa = PBXFileReference; lastKnownFileType = folder.assetcatalog; path = Images.xcassets; sourceTree = "<group>"; };
		53BD30AE1A7AD9700048A7A9 /* Base */ = {isa = PBXFileReference; lastKnownFileType = file.xib; name = Base; path = Base.lproj/LaunchScreen.xib; sourceTree = "<group>"; };
		53BD30B41A7AD9700048A7A9 /* x y Accelerometer TestTests.xctest */ = {isa = PBXFileReference; explicitFileType = wrapper.cfbundle; includeInIndex = 0; path = "x y Accelerometer TestTests.xctest"; sourceTree = BUILT_PRODUCTS_DIR; };
		53BD30B91A7AD9700048A7A9 /* Info.plist */ = {isa = PBXFileReference; lastKnownFileType = text.plist.xml; path = Info.plist; sourceTree = "<group>"; };
		53BD30BA1A7AD9700048A7A9 /* x_y_Accelerometer_TestTests.swift */ = {isa = PBXFileReference; lastKnownFileType = sourcecode.swift; path = x_y_Accelerometer_TestTests.swift; sourceTree = "<group>"; };
		53BD30C51A7B44B60048A7A9 /* ButtonDownNormal.png */ = {isa = PBXFileReference; lastKnownFileType = image.png; path = ButtonDownNormal.png; sourceTree = "<group>"; };
		53BD30C61A7B44B60048A7A9 /* ButtonDownRecessed.png */ = {isa = PBXFileReference; lastKnownFileType = image.png; path = ButtonDownRecessed.png; sourceTree = "<group>"; };
		53BD30C71A7B44B60048A7A9 /* buttonLeftNormal.png */ = {isa = PBXFileReference; lastKnownFileType = image.png; path = buttonLeftNormal.png; sourceTree = "<group>"; };
		53BD30C81A7B44B60048A7A9 /* buttonLeftRecessed.png */ = {isa = PBXFileReference; lastKnownFileType = image.png; path = buttonLeftRecessed.png; sourceTree = "<group>"; };
		53BD30C91A7B44B60048A7A9 /* buttonUpNormal.png */ = {isa = PBXFileReference; lastKnownFileType = image.png; path = buttonUpNormal.png; sourceTree = "<group>"; };
		53BD30CA1A7B44B60048A7A9 /* buttonUpRecessed.png */ = {isa = PBXFileReference; lastKnownFileType = image.png; path = buttonUpRecessed.png; sourceTree = "<group>"; };
		53BD30CB1A7B44B60048A7A9 /* buttonRightNormal.png */ = {isa = PBXFileReference; lastKnownFileType = image.png; path = buttonRightNormal.png; sourceTree = "<group>"; };
		53BD30CC1A7B44B60048A7A9 /* buttonRightRecessed.png */ = {isa = PBXFileReference; lastKnownFileType = image.png; path = buttonRightRecessed.png; sourceTree = "<group>"; };
		53BD30D51A7C27670048A7A9 /* laser.png */ = {isa = PBXFileReference; lastKnownFileType = image.png; path = laser.png; sourceTree = "<group>"; };
		53BD310E1A80560B0048A7A9 /* ShipThrusters.sks */ = {isa = PBXFileReference; lastKnownFileType = file.sks; path = ShipThrusters.sks; sourceTree = "<group>"; };
		53BD310F1A80560B0048A7A9 /* spark.png */ = {isa = PBXFileReference; lastKnownFileType = image.png; path = spark.png; sourceTree = "<group>"; };
		53BD31121A80A5CC0048A7A9 /* ShittyShip.png */ = {isa = PBXFileReference; lastKnownFileType = image.png; path = ShittyShip.png; sourceTree = "<group>"; };
		53BD31141A80A5D00048A7A9 /* background.png */ = {isa = PBXFileReference; lastKnownFileType = image.png; path = background.png; sourceTree = "<group>"; };
		53E879CB1AEAD6E600AE67D9 /* 83560__nbs-dark__ship-fire.wav */ = {isa = PBXFileReference; lastKnownFileType = audio.wav; path = "83560__nbs-dark__ship-fire.wav"; sourceTree = "<group>"; };
/* End PBXFileReference section */

/* Begin PBXFrameworksBuildPhase section */
		53BD30981A7AD9700048A7A9 /* Frameworks */ = {
			isa = PBXFrameworksBuildPhase;
			buildActionMask = 2147483647;
			files = (
			);
			runOnlyForDeploymentPostprocessing = 0;
		};
		53BD30B11A7AD9700048A7A9 /* Frameworks */ = {
			isa = PBXFrameworksBuildPhase;
			buildActionMask = 2147483647;
			files = (
			);
			runOnlyForDeploymentPostprocessing = 0;
		};
/* End PBXFrameworksBuildPhase section */

/* Begin PBXGroup section */
		53BD30921A7AD9700048A7A9 = {
			isa = PBXGroup;
			children = (
				53BD309D1A7AD9700048A7A9 /* x y Accelerometer Test */,
				53BD30B71A7AD9700048A7A9 /* x y Accelerometer TestTests */,
				53BD309C1A7AD9700048A7A9 /* Products */,
				53BD30C41A7B44B60048A7A9 /* Star Balster Assets */,
			);
			sourceTree = "<group>";
		};
		53BD309C1A7AD9700048A7A9 /* Products */ = {
			isa = PBXGroup;
			children = (
				53BD309B1A7AD9700048A7A9 /* x y Accelerometer Test.app */,
				53BD30B41A7AD9700048A7A9 /* x y Accelerometer TestTests.xctest */,
			);
			name = Products;
			sourceTree = "<group>";
		};
		53BD309D1A7AD9700048A7A9 /* x y Accelerometer Test */ = {
			isa = PBXGroup;
			children = (
				53BD30A01A7AD9700048A7A9 /* AppDelegate.swift */,
				53BD30A21A7AD9700048A7A9 /* GameScene.sks */,
				53BD30A41A7AD9700048A7A9 /* GameScene.swift */,
				53144D0F1ACE526100FB78A1 /* Start Screen.sks */,
				53BD310E1A80560B0048A7A9 /* ShipThrusters.sks */,
				536F62441A93CCFE003B9200 /* stars.sks */,
				53E879CB1AEAD6E600AE67D9 /* 83560__nbs-dark__ship-fire.wav */,
				53BD310F1A80560B0048A7A9 /* spark.png */,
				53BD30A61A7AD9700048A7A9 /* GameViewController.swift */,
				53BD30A81A7AD9700048A7A9 /* Main.storyboard */,
				53BD30AB1A7AD9700048A7A9 /* Images.xcassets */,
				53BD30AD1A7AD9700048A7A9 /* LaunchScreen.xib */,
				53BD309E1A7AD9700048A7A9 /* Supporting Files */,
			);
			path = "x y Accelerometer Test";
			sourceTree = "<group>";
		};
		53BD309E1A7AD9700048A7A9 /* Supporting Files */ = {
			isa = PBXGroup;
			children = (
				53BD309F1A7AD9700048A7A9 /* Info.plist */,
			);
			name = "Supporting Files";
			sourceTree = "<group>";
		};
		53BD30B71A7AD9700048A7A9 /* x y Accelerometer TestTests */ = {
			isa = PBXGroup;
			children = (
				53BD30BA1A7AD9700048A7A9 /* x_y_Accelerometer_TestTests.swift */,
				53BD30B81A7AD9700048A7A9 /* Supporting Files */,
			);
			path = "x y Accelerometer TestTests";
			sourceTree = "<group>";
		};
		53BD30B81A7AD9700048A7A9 /* Supporting Files */ = {
			isa = PBXGroup;
			children = (
				53BD30B91A7AD9700048A7A9 /* Info.plist */,
			);
			name = "Supporting Files";
			sourceTree = "<group>";
		};
		53BD30C41A7B44B60048A7A9 /* Star Balster Assets */ = {
			isa = PBXGroup;
			children = (
				53144D0D1ACE519E00FB78A1 /* NewShip.png */,
				53144D0B1ACE515A00FB78A1 /* SpaceshipNew.bmp */,
				53BD31141A80A5D00048A7A9 /* background.png */,
				53BD31121A80A5CC0048A7A9 /* ShittyShip.png */,
				53BD30C51A7B44B60048A7A9 /* ButtonDownNormal.png */,
				53BD30D51A7C27670048A7A9 /* laser.png */,
				53BD30C61A7B44B60048A7A9 /* ButtonDownRecessed.png */,
				53BD30C71A7B44B60048A7A9 /* buttonLeftNormal.png */,
				53BD30C81A7B44B60048A7A9 /* buttonLeftRecessed.png */,
				53BD30C91A7B44B60048A7A9 /* buttonUpNormal.png */,
				53BD30CA1A7B44B60048A7A9 /* buttonUpRecessed.png */,
				53BD30CB1A7B44B60048A7A9 /* buttonRightNormal.png */,
				53BD30CC1A7B44B60048A7A9 /* buttonRightRecessed.png */,
			);
			path = "Star Balster Assets";
			sourceTree = "<group>";
		};
/* End PBXGroup section */

/* Begin PBXNativeTarget section */
		53BD309A1A7AD9700048A7A9 /* x y Accelerometer Test */ = {
			isa = PBXNativeTarget;
			buildConfigurationList = 53BD30BE1A7AD9700048A7A9 /* Build configuration list for PBXNativeTarget "x y Accelerometer Test" */;
			buildPhases = (
				53BD30971A7AD9700048A7A9 /* Sources */,
				53BD30981A7AD9700048A7A9 /* Frameworks */,
				53BD30991A7AD9700048A7A9 /* Resources */,
			);
			buildRules = (
			);
			dependencies = (
			);
			name = "x y Accelerometer Test";
			productName = "x y Accelerometer Test";
			productReference = 53BD309B1A7AD9700048A7A9 /* x y Accelerometer Test.app */;
			productType = "com.apple.product-type.application";
		};
		53BD30B31A7AD9700048A7A9 /* x y Accelerometer TestTests */ = {
			isa = PBXNativeTarget;
			buildConfigurationList = 53BD30C11A7AD9700048A7A9 /* Build configuration list for PBXNativeTarget "x y Accelerometer TestTests" */;
			buildPhases = (
				53BD30B01A7AD9700048A7A9 /* Sources */,
				53BD30B11A7AD9700048A7A9 /* Frameworks */,
				53BD30B21A7AD9700048A7A9 /* Resources */,
			);
			buildRules = (
			);
			dependencies = (
				53BD30B61A7AD9700048A7A9 /* PBXTargetDependency */,
			);
			name = "x y Accelerometer TestTests";
			productName = "x y Accelerometer TestTests";
			productReference = 53BD30B41A7AD9700048A7A9 /* x y Accelerometer TestTests.xctest */;
			productType = "com.apple.product-type.bundle.unit-test";
		};
/* End PBXNativeTarget section */

/* Begin PBXProject section */
		53BD30931A7AD9700048A7A9 /* Project object */ = {
			isa = PBXProject;
			attributes = {
				LastUpgradeCheck = 0610;
				ORGANIZATIONNAME = "Kaysser Kayyali";
				TargetAttributes = {
					53BD309A1A7AD9700048A7A9 = {
						CreatedOnToolsVersion = 6.1.1;
					};
					53BD30B31A7AD9700048A7A9 = {
						CreatedOnToolsVersion = 6.1.1;
						TestTargetID = 53BD309A1A7AD9700048A7A9;
					};
				};
			};
			buildConfigurationList = 53BD30961A7AD9700048A7A9 /* Build configuration list for PBXProject "x y Accelerometer Test" */;
			compatibilityVersion = "Xcode 3.2";
			developmentRegion = English;
			hasScannedForEncodings = 0;
			knownRegions = (
				en,
				Base,
			);
			mainGroup = 53BD30921A7AD9700048A7A9;
			productRefGroup = 53BD309C1A7AD9700048A7A9 /* Products */;
			projectDirPath = "";
			projectRoot = "";
			targets = (
				53BD309A1A7AD9700048A7A9 /* x y Accelerometer Test */,
				53BD30B31A7AD9700048A7A9 /* x y Accelerometer TestTests */,
			);
		};
/* End PBXProject section */

/* Begin PBXResourcesBuildPhase section */
		53BD30991A7AD9700048A7A9 /* Resources */ = {
			isa = PBXResourcesBuildPhase;
			buildActionMask = 2147483647;
			files = (
				53BD30D11A7B44B60048A7A9 /* buttonUpNormal.png in Resources */,
				536F62451A93CCFE003B9200 /* stars.sks in Resources */,
				53BD30D41A7B44B60048A7A9 /* buttonRightRecessed.png in Resources */,
				53BD31151A80A5D00048A7A9 /* background.png in Resources */,
				53BD30AF1A7AD9700048A7A9 /* LaunchScreen.xib in Resources */,
				53E879CC1AEAD6E600AE67D9 /* 83560__nbs-dark__ship-fire.wav in Resources */,
				53BD30CF1A7B44B60048A7A9 /* buttonLeftNormal.png in Resources */,
				53144D0C1ACE515A00FB78A1 /* SpaceshipNew.bmp in Resources */,
				53BD30CE1A7B44B60048A7A9 /* ButtonDownRecessed.png in Resources */,
				53BD30D21A7B44B60048A7A9 /* buttonUpRecessed.png in Resources */,
				53144D101ACE526100FB78A1 /* Start Screen.sks in Resources */,
				53BD31101A80560B0048A7A9 /* ShipThrusters.sks in Resources */,
				53BD30D61A7C27670048A7A9 /* laser.png in Resources */,
				53BD30AC1A7AD9700048A7A9 /* Images.xcassets in Resources */,
				53BD30A31A7AD9700048A7A9 /* GameScene.sks in Resources */,
				53BD31131A80A5CC0048A7A9 /* ShittyShip.png in Resources */,
				53BD31111A80560B0048A7A9 /* spark.png in Resources */,
				53BD30D31A7B44B60048A7A9 /* buttonRightNormal.png in Resources */,
				53BD30CD1A7B44B60048A7A9 /* ButtonDownNormal.png in Resources */,
				53BD30D01A7B44B60048A7A9 /* buttonLeftRecessed.png in Resources */,
				53BD30AA1A7AD9700048A7A9 /* Main.storyboard in Resources */,
				53144D0E1ACE519E00FB78A1 /* NewShip.png in Resources */,
			);
			runOnlyForDeploymentPostprocessing = 0;
		};
		53BD30B21A7AD9700048A7A9 /* Resources */ = {
			isa = PBXResourcesBuildPhase;
			buildActionMask = 2147483647;
			files = (
			);
			runOnlyForDeploymentPostprocessing = 0;
		};
/* End PBXResourcesBuildPhase section */

/* Begin PBXSourcesBuildPhase section */
		53BD30971A7AD9700048A7A9 /* Sources */ = {
			isa = PBXSourcesBuildPhase;
			buildActionMask = 2147483647;
			files = (
				53BD30A51A7AD9700048A7A9 /* GameScene.swift in Sources */,
				53BD30A71A7AD9700048A7A9 /* GameViewController.swift in Sources */,
				53BD30A11A7AD9700048A7A9 /* AppDelegate.swift in Sources */,
			);
			runOnlyForDeploymentPostprocessing = 0;
		};
		53BD30B01A7AD9700048A7A9 /* Sources */ = {
			isa = PBXSourcesBuildPhase;
			buildActionMask = 2147483647;
			files = (
				53BD30BB1A7AD9700048A7A9 /* x_y_Accelerometer_TestTests.swift in Sources */,
			);
			runOnlyForDeploymentPostprocessing = 0;
		};
/* End PBXSourcesBuildPhase section */

/* Begin PBXTargetDependency section */
		53BD30B61A7AD9700048A7A9 /* PBXTargetDependency */ = {
			isa = PBXTargetDependency;
			target = 53BD309A1A7AD9700048A7A9 /* x y Accelerometer Test */;
			targetProxy = 53BD30B51A7AD9700048A7A9 /* PBXContainerItemProxy */;
		};
/* End PBXTargetDependency section */

/* Begin PBXVariantGroup section */
		53BD30A81A7AD9700048A7A9 /* Main.storyboard */ = {
			isa = PBXVariantGroup;
			children = (
				53BD30A91A7AD9700048A7A9 /* Base */,
			);
			name = Main.storyboard;
			sourceTree = "<group>";
		};
		53BD30AD1A7AD9700048A7A9 /* LaunchScreen.xib */ = {
			isa = PBXVariantGroup;
			children = (
				53BD30AE1A7AD9700048A7A9 /* Base */,
			);
			name = LaunchScreen.xib;
			sourceTree = "<group>";
		};
/* End PBXVariantGroup section */

/* Begin XCBuildConfiguration section */
		53BD30BC1A7AD9700048A7A9 /* Debug */ = {
			isa = XCBuildConfiguration;
			buildSettings = {
				ALWAYS_SEARCH_USER_PATHS = NO;
				CLANG_CXX_LANGUAGE_STANDARD = "gnu++0x";
				CLANG_CXX_LIBRARY = "libc++";
				CLANG_ENABLE_MODULES = YES;
				CLANG_ENABLE_OBJC_ARC = YES;
				CLANG_WARN_BOOL_CONVERSION = YES;
				CLANG_WARN_CONSTANT_CONVERSION = YES;
				CLANG_WARN_DIRECT_OBJC_ISA_USAGE = YES_ERROR;
				CLANG_WARN_EMPTY_BODY = YES;
				CLANG_WARN_ENUM_CONVERSION = YES;
				CLANG_WARN_INT_CONVERSION = YES;
				CLANG_WARN_OBJC_ROOT_CLASS = YES_ERROR;
				CLANG_WARN_UNREACHABLE_CODE = YES;
				CLANG_WARN__DUPLICATE_METHOD_MATCH = YES;
				"CODE_SIGN_IDENTITY[sdk=iphoneos*]" = "iPhone Developer";
				COPY_PHASE_STRIP = NO;
				ENABLE_STRICT_OBJC_MSGSEND = YES;
				GCC_C_LANGUAGE_STANDARD = gnu99;
				GCC_DYNAMIC_NO_PIC = NO;
				GCC_OPTIMIZATION_LEVEL = 0;
				GCC_PREPROCESSOR_DEFINITIONS = (
					"DEBUG=1",
					"$(inherited)",
				);
				GCC_SYMBOLS_PRIVATE_EXTERN = NO;
				GCC_WARN_64_TO_32_BIT_CONVERSION = YES;
				GCC_WARN_ABOUT_RETURN_TYPE = YES_ERROR;
				GCC_WARN_UNDECLARED_SELECTOR = YES;
				GCC_WARN_UNINITIALIZED_AUTOS = YES_AGGRESSIVE;
				GCC_WARN_UNUSED_FUNCTION = YES;
				GCC_WARN_UNUSED_VARIABLE = YES;
				IPHONEOS_DEPLOYMENT_TARGET = 8.1;
				MTL_ENABLE_DEBUG_INFO = YES;
				ONLY_ACTIVE_ARCH = YES;
				SDKROOT = iphoneos;
				SWIFT_OPTIMIZATION_LEVEL = "-Onone";
			};
			name = Debug;
		};
		53BD30BD1A7AD9700048A7A9 /* Release */ = {
			isa = XCBuildConfiguration;
			buildSettings = {
				ALWAYS_SEARCH_USER_PATHS = NO;
				CLANG_CXX_LANGUAGE_STANDARD = "gnu++0x";
				CLANG_CXX_LIBRARY = "libc++";
				CLANG_ENABLE_MODULES = YES;
				CLANG_ENABLE_OBJC_ARC = YES;
				CLANG_WARN_BOOL_CONVERSION = YES;
				CLANG_WARN_CONSTANT_CONVERSION = YES;
				CLANG_WARN_DIRECT_OBJC_ISA_USAGE = YES_ERROR;
				CLANG_WARN_EMPTY_BODY = YES;
				CLANG_WARN_ENUM_CONVERSION = YES;
				CLANG_WARN_INT_CONVERSION = YES;
				CLANG_WARN_OBJC_ROOT_CLASS = YES_ERROR;
				CLANG_WARN_UNREACHABLE_CODE = YES;
				CLANG_WARN__DUPLICATE_METHOD_MATCH = YES;
				"CODE_SIGN_IDENTITY[sdk=iphoneos*]" = "iPhone Developer";
				COPY_PHASE_STRIP = YES;
				ENABLE_NS_ASSERTIONS = NO;
				ENABLE_STRICT_OBJC_MSGSEND = YES;
				GCC_C_LANGUAGE_STANDARD = gnu99;
				GCC_WARN_64_TO_32_BIT_CONVERSION = YES;
				GCC_WARN_ABOUT_RETURN_TYPE = YES_ERROR;
				GCC_WARN_UNDECLARED_SELECTOR = YES;
				GCC_WARN_UNINITIALIZED_AUTOS = YES_AGGRESSIVE;
				GCC_WARN_UNUSED_FUNCTION = YES;
				GCC_WARN_UNUSED_VARIABLE = YES;
				IPHONEOS_DEPLOYMENT_TARGET = 8.1;
				MTL_ENABLE_DEBUG_INFO = NO;
				SDKROOT = iphoneos;
				VALIDATE_PRODUCT = YES;
			};
			name = Release;
		};
		53BD30BF1A7AD9700048A7A9 /* Debug */ = {
			isa = XCBuildConfiguration;
			buildSettings = {
				ASSETCATALOG_COMPILER_APPICON_NAME = AppIcon;
				INFOPLIST_FILE = "x y Accelerometer Test/Info.plist";
				LD_RUNPATH_SEARCH_PATHS = "$(inherited) @executable_path/Frameworks";
				PRODUCT_NAME = "$(TARGET_NAME)";
			};
			name = Debug;
		};
		53BD30C01A7AD9700048A7A9 /* Release */ = {
			isa = XCBuildConfiguration;
			buildSettings = {
				ASSETCATALOG_COMPILER_APPICON_NAME = AppIcon;
				INFOPLIST_FILE = "x y Accelerometer Test/Info.plist";
				LD_RUNPATH_SEARCH_PATHS = "$(inherited) @executable_path/Frameworks";
				PRODUCT_NAME = "$(TARGET_NAME)";
			};
			name = Release;
		};
		53BD30C21A7AD9700048A7A9 /* Debug */ = {
			isa = XCBuildConfiguration;
			buildSettings = {
				BUNDLE_LOADER = "$(TEST_HOST)";
				FRAMEWORK_SEARCH_PATHS = (
					"$(SDKROOT)/Developer/Library/Frameworks",
					"$(inherited)",
				);
				GCC_PREPROCESSOR_DEFINITIONS = (
					"DEBUG=1",
					"$(inherited)",
				);
				INFOPLIST_FILE = "x y Accelerometer TestTests/Info.plist";
				LD_RUNPATH_SEARCH_PATHS = "$(inherited) @executable_path/Frameworks @loader_path/Frameworks";
				PRODUCT_NAME = "$(TARGET_NAME)";
				TEST_HOST = "$(BUILT_PRODUCTS_DIR)/x y Accelerometer Test.app/x y Accelerometer Test";
			};
			name = Debug;
		};
		53BD30C31A7AD9700048A7A9 /* Release */ = {
			isa = XCBuildConfiguration;
			buildSettings = {
				BUNDLE_LOADER = "$(TEST_HOST)";
				FRAMEWORK_SEARCH_PATHS = (
					"$(SDKROOT)/Developer/Library/Frameworks",
					"$(inherited)",
				);
				INFOPLIST_FILE = "x y Accelerometer TestTests/Info.plist";
				LD_RUNPATH_SEARCH_PATHS = "$(inherited) @executable_path/Frameworks @loader_path/Frameworks";
				PRODUCT_NAME = "$(TARGET_NAME)";
				TEST_HOST = "$(BUILT_PRODUCTS_DIR)/x y Accelerometer Test.app/x y Accelerometer Test";
			};
			name = Release;
		};
/* End XCBuildConfiguration section */

/* Begin XCConfigurationList section */
		53BD30961A7AD9700048A7A9 /* Build configuration list for PBXProject "x y Accelerometer Test" */ = {
			isa = XCConfigurationList;
			buildConfigurations = (
				53BD30BC1A7AD9700048A7A9 /* Debug */,
				53BD30BD1A7AD9700048A7A9 /* Release */,
			);
			defaultConfigurationIsVisible = 0;
			defaultConfigurationName = Release;
		};
		53BD30BE1A7AD9700048A7A9 /* Build configuration list for PBXNativeTarget "x y Accelerometer Test" */ = {
			isa = XCConfigurationList;
			buildConfigurations = (
				53BD30BF1A7AD9700048A7A9 /* Debug */,
				53BD30C01A7AD9700048A7A9 /* Release */,
			);
			defaultConfigurationIsVisible = 0;
			defaultConfigurationName = Release;
		};
		53BD30C11A7AD9700048A7A9 /* Build configuration list for PBXNativeTarget "x y Accelerometer TestTests" */ = {
			isa = XCConfigurationList;
			buildConfigurations = (
				53BD30C21A7AD9700048A7A9 /* Debug */,
				53BD30C31A7AD9700048A7A9 /* Release */,
			);
			defaultConfigurationIsVisible = 0;
			defaultConfigurationName = Release;
		};
/* End XCConfigurationList section */
	};
	rootObject = 53BD30931A7AD9700048A7A9 /* Project object */;
}
